# This file is automatically @generated by Cargo.
# It is not intended for manual editing.
[[package]]
name = "bitflags"
version = "1.2.0"
source = "registry+https://github.com/rust-lang/crates.io-index"

[[package]]
name = "bme680"
version = "0.4.3"
source = "registry+https://github.com/rust-lang/crates.io-index"
dependencies = [
 "bitflags 1.2.0 (registry+https://github.com/rust-lang/crates.io-index)",
 "embedded-hal 0.2.3 (registry+https://github.com/rust-lang/crates.io-index)",
 "log 0.4.8 (registry+https://github.com/rust-lang/crates.io-index)",
]

[[package]]
name = "cfg-if"
version = "0.1.10"
source = "registry+https://github.com/rust-lang/crates.io-index"

[[package]]
name = "embedded-hal"
version = "0.2.3"
source = "registry+https://github.com/rust-lang/crates.io-index"
dependencies = [
 "nb 0.1.2 (registry+https://github.com/rust-lang/crates.io-index)",
 "void 1.0.2 (registry+https://github.com/rust-lang/crates.io-index)",
]

[[package]]
name = "esp-app"
version = "0.1.0"
dependencies = [
 "bme680 0.4.3 (registry+https://github.com/rust-lang/crates.io-index)",
 "esp-idf-alloc 0.1.1 (registry+https://github.com/rust-lang/crates.io-index)",
 "esp-idf-hal 0.2.0 (git+https://github.com/marcelbuesing/esp-idf-hal.git)",
 "esp-idf-sys 0.1.2 (registry+https://github.com/rust-lang/crates.io-index)",
]

[[package]]
name = "esp-idf-alloc"
version = "0.1.1"
source = "registry+https://github.com/rust-lang/crates.io-index"

[[package]]
name = "esp-idf-hal"
version = "0.2.0"
source = "git+https://github.com/marcelbuesing/esp-idf-hal.git#849122b70397acbf0f35c596fd192c19a2b8a321"
dependencies = [
 "embedded-hal 0.2.3 (registry+https://github.com/rust-lang/crates.io-index)",
 "esp-idf-sys 0.1.2 (registry+https://github.com/rust-lang/crates.io-index)",
 "genio 0.2.0 (registry+https://github.com/rust-lang/crates.io-index)",
 "nb 0.1.2 (registry+https://github.com/rust-lang/crates.io-index)",
]

[[package]]
name = "esp-idf-sys"
version = "0.1.2"
source = "registry+https://github.com/rust-lang/crates.io-index"

[[package]]
name = "genio"
version = "0.2.0"
source = "registry+https://github.com/rust-lang/crates.io-index"
dependencies = [
 "void 1.0.2 (registry+https://github.com/rust-lang/crates.io-index)",
]

[[package]]
name = "log"
version = "0.4.8"
source = "registry+https://github.com/rust-lang/crates.io-index"
dependencies = [
 "cfg-if 0.1.10 (registry+https://github.com/rust-lang/crates.io-index)",
]

[[package]]
name = "nb"
version = "0.1.2"
source = "registry+https://github.com/rust-lang/crates.io-index"

[[package]]
name = "void"
version = "1.0.2"
source = "registry+https://github.com/rust-lang/crates.io-index"

[metadata]
"checksum bitflags 1.2.0 (registry+https://github.com/rust-lang/crates.io-index)" = "8a606a02debe2813760609f57a64a2ffd27d9fdf5b2f133eaca0b248dd92cdd2"
"checksum bme680 0.4.3 (registry+https://github.com/rust-lang/crates.io-index)" = "886e8ad7a2177da4c91fdcc8cf033d1314d7d752ef4ccdcd504f68a2941a8205"
"checksum cfg-if 0.1.10 (registry+https://github.com/rust-lang/crates.io-index)" = "4785bdd1c96b2a846b2bd7cc02e86b6b3dbf14e7e53446c4f54c92a361040822"
"checksum embedded-hal 0.2.3 (registry+https://github.com/rust-lang/crates.io-index)" = "ee4908a155094da7723c2d60d617b820061e3b4efcc3d9e293d206a5a76c170b"
"checksum esp-idf-alloc 0.1.1 (registry+https://github.com/rust-lang/crates.io-index)" = "fb00b1df69659d7d59892929069797caccfb3ecc44dd29fc4b79d88435ebac1e"
"checksum esp-idf-hal 0.2.0 (git+https://github.com/marcelbuesing/esp-idf-hal.git)" = "<none>"
"checksum esp-idf-sys 0.1.2 (registry+https://github.com/rust-lang/crates.io-index)" = "f6b824a1aff03a105d67b11119595dedbbb4943471dd7e47131f417bb2484eae"
"checksum genio 0.2.0 (registry+https://github.com/rust-lang/crates.io-index)" = "1ccca1515b24a37dbecde766adf6f609813b8ff4a750c5956ac0dd65a7f74da1"
"checksum log 0.4.8 (registry+https://github.com/rust-lang/crates.io-index)" = "14b6052be84e6b71ab17edffc2eeabf5c2c3ae1fdb464aae35ac50c67a44e1f7"
"checksum nb 0.1.2 (registry+https://github.com/rust-lang/crates.io-index)" = "b1411551beb3c11dedfb0a90a0fa256b47d28b9ec2cdff34c25a2fa59e45dbdc"
"checksum void 1.0.2 (registry+https://github.com/rust-lang/crates.io-index)" = "6a02e4885ed3bc0f2de90ea6dd45ebcbb66dacffe03547fadbb0eeae2770887d"
